
Microsoft Visual Studio Solution File, Format Version 12.00
# Visual Studio Version 16
VisualStudioVersion = 16.0.29418.71
MinimumVisualStudioVersion = 10.0.40219.1
Project("{9A19103F-16F7-4668-BE54-9A1E7A4F7556}") = "ReservationSite", "ReservationSite.csproj", "{6847BC62-BF23-451E-B173-6A92118CE4F2}"
EndProject
Global
	GlobalSection(SolutionConfigurationPlatforms) = preSolution
		Debug|Any CPU = Debug|Any CPU
		Release|Any CPU = Release|Any CPU
	EndGlobalSection
	GlobalSection(ProjectConfigurationPlatforms) = postSolution
		{6847BC62-BF23-451E-B173-6A92118CE4F2}.Debug|Any CPU.ActiveCfg = Debug|Any CPU
		{6847BC62-BF23-451E-B173-6A92118CE4F2}.Debug|Any CPU.Build.0 = Debug|Any CPU
		{6847BC62-BF23-451E-B173-6A92118CE4F2}.Release|Any CPU.ActiveCfg = Release|Any CPU
		{6847BC62-BF23-451E-B173-6A92118CE4F2}.Release|Any CPU.Build.0 = Release|Any CPU
	EndGlobalSection
	GlobalSection(SolutionProperties) = preSolution
		HideSolutionNode = FALSE
	EndGlobalSection
	GlobalSection(ExtensibilityGlobals) = postSolution
		SolutionGuid = {3686D2C2-DF00-4339-8D0C-C56C68D4979C}
	EndGlobalSection
EndGlobal
